{
  "name": "aurix-token-server-example",
  "version": "1.6.0",
  "lockfileVersion": 3,
  "requires": true,
  "packages": {
    "": {
      "name": "aurix-token-server-example",
      "version": "1.6.0",
      "license": "Apache-2.0",
      "dependencies": {
        "@aurix/server-sdk": "file:../../../node"
      },
      "engines": {
        "node": ">=18"
      }
    },
    "../../../node": {
      "name": "@aurix/server-sdk",
      "version": "1.6.0",
      "license": "Apache-2.0",
      "devDependencies": {
        "@types/node": "^20.19.43",
        "typescript": "~5.9.3"
      },
      "engines": {
        "node": ">=18"
      }
    },
    "node_modules/@aurix/server-sdk": {
      "resolved": "../../../node",
      "link": true
    }
  }
}
