
Microsoft Visual Studio Solution File, Format Version 12.00
# Visual Studio Version 17
VisualStudioVersion = 17.0.31903.59
MinimumVisualStudioVersion = 10.0.40219.1
Project("{FAE04EC0-301F-11D3-BF4B-00C04F79EFBC}") = "TokenServer", "TokenServer\TokenServer.csproj", "{4C041633-7D57-4999-BBA8-15511AB54BDC}"
EndProject
Project("{FAE04EC0-301F-11D3-BF4B-00C04F79EFBC}") = "TokenServer.Tests", "TokenServer.Tests\TokenServer.Tests.csproj", "{48576F09-7A95-4AE6-B104-9ADC53DE2173}"
EndProject
Global
	GlobalSection(SolutionConfigurationPlatforms) = preSolution
		Debug|Any CPU = Debug|Any CPU
		Release|Any CPU = Release|Any CPU
	EndGlobalSection
	GlobalSection(SolutionProperties) = preSolution
		HideSolutionNode = FALSE
	EndGlobalSection
	GlobalSection(ProjectConfigurationPlatforms) = postSolution
		{4C041633-7D57-4999-BBA8-15511AB54BDC}.Debug|Any CPU.ActiveCfg = Debug|Any CPU
		{4C041633-7D57-4999-BBA8-15511AB54BDC}.Debug|Any CPU.Build.0 = Debug|Any CPU
		{4C041633-7D57-4999-BBA8-15511AB54BDC}.Release|Any CPU.ActiveCfg = Release|Any CPU
		{4C041633-7D57-4999-BBA8-15511AB54BDC}.Release|Any CPU.Build.0 = Release|Any CPU
		{48576F09-7A95-4AE6-B104-9ADC53DE2173}.Debug|Any CPU.ActiveCfg = Debug|Any CPU
		{48576F09-7A95-4AE6-B104-9ADC53DE2173}.Debug|Any CPU.Build.0 = Debug|Any CPU
		{48576F09-7A95-4AE6-B104-9ADC53DE2173}.Release|Any CPU.ActiveCfg = Release|Any CPU
		{48576F09-7A95-4AE6-B104-9ADC53DE2173}.Release|Any CPU.Build.0 = Release|Any CPU
	EndGlobalSection
EndGlobal
